Microsoft Visual Studio Solution File, Format Version 12.00
# Visual Studio Version 17
VisualStudioVersion = 17.0.31903.59
MinimumVisualStudioVersion = 10.0.40219.1
Project("{FAE04EC0-301F-11D3-BF4B-00C04F79EFBC}") = "ChatWeb", "ChatWeb\ChatWeb.csproj", "{5AEF86B3-5B77-4F64-9EF6-D69AABEBD422}"
EndProject
Project("{FAE04EC0-301F-11D3-BF4B-00C04F79EFBC}") = "ChatWS", "ChatWS\ChatWS.csproj", "{C49B268B-AE18-4BF7-A075-651F25E409D2}"
EndProject
Global
	GlobalSection(SolutionConfigurationPlatforms) = preSolution
		Debug|Any CPU = Debug|Any CPU
		Release|Any CPU = Release|Any CPU
	EndGlobalSection
	GlobalSection(SolutionProperties) = preSolution
		HideSolutionNode = FALSE
	EndGlobalSection
	GlobalSection(ProjectConfigurationPlatforms) = postSolution
		{5AEF86B3-5B77-4F64-9EF6-D69AABEBD422}.Debug|Any CPU.ActiveCfg = Debug|Any CPU
		{5AEF86B3-5B77-4F64-9EF6-D69AABEBD422}.Debug|Any CPU.Build.0 = Debug|Any CPU
		{5AEF86B3-5B77-4F64-9EF6-D69AABEBD422}.Release|Any CPU.ActiveCfg = Release|Any CPU
		{5AEF86B3-5B77-4F64-9EF6-D69AABEBD422}.Release|Any CPU.Build.0 = Release|Any CPU
		{C49B268B-AE18-4BF7-A075-651F25E409D2}.Debug|Any CPU.ActiveCfg = Debug|Any CPU
		{C49B268B-AE18-4BF7-A075-651F25E409D2}.Debug|Any CPU.Build.0 = Debug|Any CPU
		{C49B268B-AE18-4BF7-A075-651F25E409D2}.Release|Any CPU.ActiveCfg = Release|Any CPU
		{C49B268B-AE18-4BF7-A075-651F25E409D2}.Release|Any CPU.Build.0 = Release|Any CPU
	EndGlobalSection
EndGlobal
